
Microsoft Visual Studio Solution File, Format Version 12.00
# Visual Studio Version 17
VisualStudioVersion = 17.3.32922.545
MinimumVisualStudioVersion = 10.0.40219.1
Project("{9A19103F-16F7-4668-BE54-9A1E7A4F7556}") = "StrategyPattern", "StrategyPattern.csproj", "{ED0CF3E6-D354-4D7C-8851-218BEF8630F6}"
EndProject
Global
	GlobalSection(SolutionConfigurationPlatforms) = preSolution
		Debug|Any CPU = Debug|Any CPU
		Release|Any CPU = Release|Any CPU
	EndGlobalSection
	GlobalSection(ProjectConfigurationPlatforms) = postSolution
		{ED0CF3E6-D354-4D7C-8851-218BEF8630F6}.Debug|Any CPU.ActiveCfg = Debug|Any CPU
		{ED0CF3E6-D354-4D7C-8851-218BEF8630F6}.Debug|Any CPU.Build.0 = Debug|Any CPU
		{ED0CF3E6-D354-4D7C-8851-218BEF8630F6}.Release|Any CPU.ActiveCfg = Release|Any CPU
		{ED0CF3E6-D354-4D7C-8851-218BEF8630F6}.Release|Any CPU.Build.0 = Release|Any CPU
	EndGlobalSection
	GlobalSection(SolutionProperties) = preSolution
		HideSolutionNode = FALSE
	EndGlobalSection
	GlobalSection(ExtensibilityGlobals) = postSolution
		SolutionGuid = {FB76AE92-85DE-4853-8677-C91F4D3D876E}
	EndGlobalSection
EndGlobal
